{
    "_readme": [
        "This file locks the dependencies of your project to a known state",
        "Read more about it at https://getcomposer.org/doc/01-basic-usage.md#composer-lock-the-lock-file",
        "This file is @generated automatically"
    ],
    "hash": "97d1e222d0f4dcc36dc89024f6f31ebf",
    "packages": [
        {
            "name": "ilya/fuzzy",
            "version": "1.0.0",
            "source": {
                "type": "git",
                "url": "https://github.com/ilya-dev/fuzzy.git",
                "reference": "8aef7171250a78ba9e9cd4eff9da164a6fb8ff59"
            },
            "dist": {
                "type": "zip",
                "url": "https://api.github.com/repos/ilya-dev/fuzzy/zipball/8aef7171250a78ba9e9cd4eff9da164a6fb8ff59",
                "reference": "8aef7171250a78ba9e9cd4eff9da164a6fb8ff59",
                "shasum": ""
            },
            "require-dev": {
                "phpspec/phpspec": "~2"
            },
            "type": "library",
            "autoload": {
                "psr-4": {
                    "Fuzzy\\": "src/Fuzzy"
                }
            },
            "notification-url": "https://packagist.org/downloads/",
            "license": [
                "MIT"
            ],
            "description": "Nice PHP library for fuzzy string searching",
            "keywords": [
                "fuzzy",
                "search",
                "string"
            ],
            "time": "2014-04-15 16:59:52"
        },
        {
            "name": "sastrawi/string-span",
            "version": "v1.0.2",
            "source": {
                "type": "git",
                "url": "https://github.com/sastrawi/string-span.git",
                "reference": "8e927ea4bf94fcc2f678f31aa3d0a62c74b07fbe"
            },
            "dist": {
                "type": "zip",
                "url": "https://api.github.com/repos/sastrawi/string-span/zipball/8e927ea4bf94fcc2f678f31aa3d0a62c74b07fbe",
                "reference": "8e927ea4bf94fcc2f678f31aa3d0a62c74b07fbe",
                "shasum": ""
            },
            "require": {
                "php": ">=5.3"
            },
            "require-dev": {
                "phpunit/phpunit": "~4",
                "squizlabs/php_codesniffer": "~1"
            },
            "type": "library",
            "extra": {
                "branch-alias": {
                    "dev-master": "1.0.x-dev"
                }
            },
            "autoload": {
                "psr-0": {
                    "Sastrawi\\String\\Span": "src"
                }
            },
            "notification-url": "https://packagist.org/downloads/",
            "license": [
                "MIT"
            ],
            "authors": [
                {
                    "name": "Andy Librian",
                    "email": "andylibrian@gmail.com",
                    "homepage": "http://andylibrian.pro",
                    "role": "Lead Developer"
                }
            ],
            "description": "String span utility.",
            "homepage": "https://github.com/sastrawi/string-span",
            "keywords": [
                "natural language processing",
                "nlp",
                "string",
                "string span"
            ],
            "time": "2014-12-01 14:01:51"
        },
        {
            "name": "sastrawi/tokenizer",
            "version": "v0.4.0",
            "source": {
                "type": "git",
                "url": "https://github.com/sastrawi/tokenizer.git",
                "reference": "35c7c6f550e749468e0d445bf69eb019191f9415"
            },
            "dist": {
                "type": "zip",
                "url": "https://api.github.com/repos/sastrawi/tokenizer/zipball/35c7c6f550e749468e0d445bf69eb019191f9415",
                "reference": "35c7c6f550e749468e0d445bf69eb019191f9415",
                "shasum": ""
            },
            "require": {
                "php": ">=5.3",
                "sastrawi/string-span": "~1",
                "sastrawi/trka": "0.*",
                "symfony/console": "~2.1"
            },
            "require-dev": {
                "behat/behat": "~3",
                "phpunit/phpunit": "~4",
                "squizlabs/php_codesniffer": "~1"
            },
            "suggest": {
                "sastrawi/sastrawi": "For stemming Bahasa Indonesia",
                "sastrawi/sentence-detector": "For splitting sentence in Bahasa Indonesia"
            },
            "bin": [
                "bin/sastrawi-tokenize"
            ],
            "type": "library",
            "extra": {
                "branch-alias": {
                    "dev-master": "0.4.x-dev"
                }
            },
            "autoload": {
                "psr-0": {
                    "Sastrawi\\Tokenizer": "src"
                }
            },
            "notification-url": "https://packagist.org/downloads/",
            "license": [
                "MIT"
            ],
            "authors": [
                {
                    "name": "Andy Librian",
                    "email": "andylibrian@gmail.com",
                    "homepage": "http://andylibrian.pro",
                    "role": "Lead Developer"
                }
            ],
            "description": "PHP library that allows you to tokenize Bahasa Indonesia.",
            "homepage": "https://github.com/sastrawi/tokenizer",
            "keywords": [
                "bahasa",
                "indonesia",
                "indonesian",
                "natural language processing",
                "nlp",
                "text preprocessing",
                "tokenization",
                "tokenizer"
            ],
            "time": "2015-01-21 03:45:15"
        },
        {
            "name": "sastrawi/trka",
            "version": "v0.2.0",
            "source": {
                "type": "git",
                "url": "https://github.com/sastrawi/trka.git",
                "reference": "ff82616135204e2d29aca51c56def3330b994b1c"
            },
            "dist": {
                "type": "zip",
                "url": "https://api.github.com/repos/sastrawi/trka/zipball/ff82616135204e2d29aca51c56def3330b994b1c",
                "reference": "ff82616135204e2d29aca51c56def3330b994b1c",
                "shasum": ""
            },
            "require": {
                "php": ">=5.3",
                "sastrawi/string-span": "~1",
                "zendframework/zend-uri": "~2",
                "zendframework/zend-validator": "~2"
            },
            "require-dev": {
                "behat/behat": "~3",
                "phpunit/phpunit": "~4",
                "squizlabs/php_codesniffer": "~1"
            },
            "type": "library",
            "extra": {
                "branch-alias": {
                    "dev-master": "0.1.x-dev"
                }
            },
            "autoload": {
                "psr-0": {
                    "Sastrawi\\Trka": "src"
                }
            },
            "notification-url": "https://packagist.org/downloads/",
            "license": [
                "MIT"
            ],
            "authors": [
                {
                    "name": "Andy Librian",
                    "email": "andylibrian@gmail.com",
                    "homepage": "http://andylibrian.pro",
                    "role": "Lead Developer"
                }
            ],
            "description": "PHP library that guess entity in Bahasa Indonesia.",
            "homepage": "https://github.com/sastrawi/trka",
            "keywords": [
                "bahasa",
                "indonesia",
                "indonesian",
                "named entity detector",
                "natural language processing",
                "nlp"
            ],
            "time": "2014-12-04 05:39:36"
        },
        {
            "name": "symfony/console",
            "version": "v2.7.7",
            "source": {
                "type": "git",
                "url": "https://github.com/symfony/console.git",
                "reference": "16bb1cb86df43c90931df65f529e7ebd79636750"
            },
            "dist": {
                "type": "zip",
                "url": "https://api.github.com/repos/symfony/console/zipball/16bb1cb86df43c90931df65f529e7ebd79636750",
                "reference": "16bb1cb86df43c90931df65f529e7ebd79636750",
                "shasum": ""
            },
            "require": {
                "php": ">=5.3.9"
            },
            "require-dev": {
                "psr/log": "~1.0",
                "symfony/event-dispatcher": "~2.1",
                "symfony/process": "~2.1"
            },
            "suggest": {
                "psr/log": "For using the console logger",
                "symfony/event-dispatcher": "",
                "symfony/process": ""
            },
            "type": "library",
            "extra": {
                "branch-alias": {
                    "dev-master": "2.7-dev"
                }
            },
            "autoload": {
                "psr-4": {
                    "Symfony\\Component\\Console\\": ""
                },
                "exclude-from-classmap": [
                    "/Tests/"
                ]
            },
            "notification-url": "https://packagist.org/downloads/",
            "license": [
                "MIT"
            ],
            "authors": [
                {
                    "name": "Fabien Potencier",
                    "email": "fabien@symfony.com"
                },
                {
                    "name": "Symfony Community",
                    "homepage": "https://symfony.com/contributors"
                }
            ],
            "description": "Symfony Console Component",
            "homepage": "https://symfony.com",
            "time": "2015-11-18 09:54:26"
        },
        {
            "name": "zendframework/zend-escaper",
            "version": "2.5.1",
            "source": {
                "type": "git",
                "url": "https://github.com/zendframework/zend-escaper.git",
                "reference": "a4b227d8a477f4e7e9073f8e0a7ae7dbd3104a73"
            },
            "dist": {
                "type": "zip",
                "url": "https://api.github.com/repos/zendframework/zend-escaper/zipball/a4b227d8a477f4e7e9073f8e0a7ae7dbd3104a73",
                "reference": "a4b227d8a477f4e7e9073f8e0a7ae7dbd3104a73",
                "shasum": ""
            },
            "require": {
                "php": ">=5.3.23"
            },
            "require-dev": {
                "fabpot/php-cs-fixer": "1.7.*",
                "phpunit/phpunit": "~4.0"
            },
            "type": "library",
            "extra": {
                "branch-alias": {
                    "dev-master": "2.5-dev",
                    "dev-develop": "2.6-dev"
                }
            },
            "autoload": {
                "psr-4": {
                    "Zend\\Escaper\\": "src/"
                }
            },
            "notification-url": "https://packagist.org/downloads/",
            "license": [
                "BSD-3-Clause"
            ],
            "homepage": "https://github.com/zendframework/zend-escaper",
            "keywords": [
                "escaper",
                "zf2"
            ],
            "time": "2015-06-03 14:05:37"
        },
        {
            "name": "zendframework/zend-stdlib",
            "version": "2.5.1",
            "source": {
                "type": "git",
                "url": "https://github.com/zendframework/zend-stdlib.git",
                "reference": "cc8e90a60dd5d44b9730b77d07b97550091da1ae"
            },
            "dist": {
                "type": "zip",
                "url": "https://api.github.com/repos/zendframework/zend-stdlib/zipball/cc8e90a60dd5d44b9730b77d07b97550091da1ae",
                "reference": "cc8e90a60dd5d44b9730b77d07b97550091da1ae",
                "shasum": ""
            },
            "require": {
                "php": ">=5.3.23"
            },
            "require-dev": {
                "fabpot/php-cs-fixer": "1.7.*",
                "phpunit/phpunit": "~4.0",
                "zendframework/zend-config": "~2.5",
                "zendframework/zend-eventmanager": "~2.5",
                "zendframework/zend-filter": "~2.5",
                "zendframework/zend-inputfilter": "~2.5",
                "zendframework/zend-serializer": "~2.5",
                "zendframework/zend-servicemanager": "~2.5"
            },
            "suggest": {
                "zendframework/zend-eventmanager": "To support aggregate hydrator usage",
                "zendframework/zend-filter": "To support naming strategy hydrator usage",
                "zendframework/zend-serializer": "Zend\\Serializer component",
                "zendframework/zend-servicemanager": "To support hydrator plugin manager usage"
            },
            "type": "library",
            "extra": {
                "branch-alias": {
                    "dev-master": "2.5-dev",
                    "dev-develop": "2.6-dev"
                }
            },
            "autoload": {
                "psr-4": {
                    "Zend\\Stdlib\\": "src/"
                }
            },
            "notification-url": "https://packagist.org/downloads/",
            "license": [
                "BSD-3-Clause"
            ],
            "homepage": "https://github.com/zendframework/zend-stdlib",
            "keywords": [
                "stdlib",
                "zf2"
            ],
            "time": "2015-06-03 15:32:03"
        },
        {
            "name": "zendframework/zend-uri",
            "version": "2.5.1",
            "source": {
                "type": "git",
                "url": "https://github.com/zendframework/zend-uri.git",
                "reference": "fe6c7f4c8d9037fe551898a538a2b6d39483f572"
            },
            "dist": {
                "type": "zip",
                "url": "https://api.github.com/repos/zendframework/zend-uri/zipball/fe6c7f4c8d9037fe551898a538a2b6d39483f572",
                "reference": "fe6c7f4c8d9037fe551898a538a2b6d39483f572",
                "shasum": ""
            },
            "require": {
                "php": ">=5.3.23",
                "zendframework/zend-escaper": "~2.5",
                "zendframework/zend-validator": "~2.5"
            },
            "require-dev": {
                "fabpot/php-cs-fixer": "1.7.*",
                "phpunit/phpunit": "~4.0"
            },
            "type": "library",
            "extra": {
                "branch-alias": {
                    "dev-master": "2.5-dev",
                    "dev-develop": "2.6-dev"
                }
            },
            "autoload": {
                "psr-4": {
                    "Zend\\Uri\\": "src/"
                }
            },
            "notification-url": "https://packagist.org/downloads/",
            "license": [
                "BSD-3-Clause"
            ],
            "description": "a component that aids in manipulating and validating » Uniform Resource Identifiers (URIs)",
            "homepage": "https://github.com/zendframework/zend-uri",
            "keywords": [
                "uri",
                "zf2"
            ],
            "time": "2015-06-03 15:32:03"
        },
        {
            "name": "zendframework/zend-validator",
            "version": "2.5.1",
            "source": {
                "type": "git",
                "url": "https://github.com/zendframework/zend-validator.git",
                "reference": "f2c1a1fc786ff4533003cb7fac477495dc007120"
            },
            "dist": {
                "type": "zip",
                "url": "https://api.github.com/repos/zendframework/zend-validator/zipball/f2c1a1fc786ff4533003cb7fac477495dc007120",
                "reference": "f2c1a1fc786ff4533003cb7fac477495dc007120",
                "shasum": ""
            },
            "require": {
                "php": ">=5.3.23",
                "zendframework/zend-stdlib": "~2.5"
            },
            "require-dev": {
                "fabpot/php-cs-fixer": "1.7.*",
                "phpunit/phpunit": "~4.0",
                "zendframework/zend-cache": "~2.5",
                "zendframework/zend-config": "~2.5",
                "zendframework/zend-db": "~2.5",
                "zendframework/zend-filter": "~2.5",
                "zendframework/zend-http": "~2.5",
                "zendframework/zend-i18n": "~2.5",
                "zendframework/zend-math": "~2.5",
                "zendframework/zend-servicemanager": "~2.5",
                "zendframework/zend-session": "~2.5",
                "zendframework/zend-uri": "~2.5"
            },
            "suggest": {
                "zendframework/zend-db": "Zend\\Db component",
                "zendframework/zend-filter": "Zend\\Filter component, required by the Digits validator",
                "zendframework/zend-i18n": "Zend\\I18n component to allow translation of validation error messages as well as to use the various Date validators",
                "zendframework/zend-math": "Zend\\Math component",
                "zendframework/zend-resources": "Translations of validator messages",
                "zendframework/zend-servicemanager": "Zend\\ServiceManager component to allow using the ValidatorPluginManager and validator chains",
                "zendframework/zend-session": "Zend\\Session component",
                "zendframework/zend-uri": "Zend\\Uri component, required by the Uri and Sitemap\\Loc validators"
            },
            "type": "library",
            "extra": {
                "branch-alias": {
                    "dev-master": "2.5-dev",
                    "dev-develop": "2.6-dev"
                }
            },
            "autoload": {
                "psr-4": {
                    "Zend\\Validator\\": "src/"
                }
            },
            "notification-url": "https://packagist.org/downloads/",
            "license": [
                "BSD-3-Clause"
            ],
            "description": "provides a set of commonly needed validators",
            "homepage": "https://github.com/zendframework/zend-validator",
            "keywords": [
                "validator",
                "zf2"
            ],
            "time": "2015-06-03 15:32:03"
        }
    ],
    "packages-dev": [],
    "aliases": [],
    "minimum-stability": "stable",
    "stability-flags": [],
    "prefer-stable": false,
    "prefer-lowest": false,
    "platform": [],
    "platform-dev": []
}
